
Microsoft Visual Studio Solution File, Format Version 12.00
# Visual Studio 15
VisualStudioVersion = 15.0.28306.52
MinimumVisualStudioVersion = 10.0.40219.1
Project("{FAE04EC0-301F-11D3-BF4B-00C04F79EFBC}") = "ChatbotScheduling", "ChatbotScheduling\ChatbotScheduling.csproj", "{1559C21B-EE97-4A13-8D31-8CE60B0F081B}"
EndProject
Global
	GlobalSection(SolutionConfigurationPlatforms) = preSolution
		Debug|Any CPU = Debug|Any CPU
		Release|Any CPU = Release|Any CPU
	EndGlobalSection
	GlobalSection(ProjectConfigurationPlatforms) = postSolution
		{1559C21B-EE97-4A13-8D31-8CE60B0F081B}.Debug|Any CPU.ActiveCfg = Debug|Any CPU
		{1559C21B-EE97-4A13-8D31-8CE60B0F081B}.Debug|Any CPU.Build.0 = Debug|Any CPU
		{1559C21B-EE97-4A13-8D31-8CE60B0F081B}.Release|Any CPU.ActiveCfg = Release|Any CPU
		{1559C21B-EE97-4A13-8D31-8CE60B0F081B}.Release|Any CPU.Build.0 = Release|Any CPU
	EndGlobalSection
	GlobalSection(SolutionProperties) = preSolution
		HideSolutionNode = FALSE
	EndGlobalSection
	GlobalSection(ExtensibilityGlobals) = postSolution
		SolutionGuid = {8F78688B-40AD-4019-9A71-D8758B162078}
	EndGlobalSection
EndGlobal
